Microsoft Visual Studio Solution File, Format Version 12.00
# Visual Studio 2012
Project("{FAE04EC0-301F-11D3-BF4B-00C04F79EFBC}") = "TestFirstDevelopmentDemo", "TestFirstDevelopmentDemo\TestFirstDevelopmentDemo.csproj", "{53DD70C9-8C7D-4644-94E5-A3405F0491F5}"
EndProject
Project("{FAE04EC0-301F-11D3-BF4B-00C04F79EFBC}") = "TestFirstDevelopmentDemo.Test", "TestFirstDevelopmentDemo.Test\TestFirstDevelopmentDemo.Test.csproj", "{1CBAA91E-8995-45A4-B2D0-39AC5F462BD3}"
EndProject
Project("{2150E333-8FDC-42A3-9474-1A3956D46DE8}") = ".nuget", ".nuget", "{0B51033F-5D9C-438E-8883-A7A7B6E4313F}"
	ProjectSection(SolutionItems) = preProject
		.nuget\packages.config = .nuget\packages.config
	EndProjectSection
EndProject
Project("{FAE04EC0-301F-11D3-BF4B-00C04F79EFBC}") = "UnitTestAsyncDemo", "UnitTestAsyncDemo\UnitTestAsyncDemo.csproj", "{5C820C54-7EFA-4688-BF2C-E1109A29716A}"
EndProject
Project("{FAE04EC0-301F-11D3-BF4B-00C04F79EFBC}") = "UnitTestAsyncDemo.Test", "UnitTestAsyncDemo.Test\UnitTestAsyncDemo.Test.csproj", "{5866A4BF-150B-4841-A6D8-DBC3B3AA5B87}"
EndProject
Project("{2150E333-8FDC-42A3-9474-1A3956D46DE8}") = "Calculator", "Calculator", "{A347604A-2ED7-4634-AA39-A0EBA89C1B04}"
EndProject
Project("{FAE04EC0-301F-11D3-BF4B-00C04F79EFBC}") = "StringCalculatorAsync", "StringCalculatorAsync\StringCalculatorAsync.csproj", "{5A5DFEC3-2FB6-48B4-8A17-E41E0DB5E5BD}"
EndProject
Project("{FAE04EC0-301F-11D3-BF4B-00C04F79EFBC}") = "StringCalculatorAsyncTestMsTest", "StringCalculatorAsyncTestMsTest\StringCalculatorAsyncTestMsTest.csproj", "{D5ABF4E4-4FE2-4F62-87AD-004E3BB3735C}"
EndProject
Project("{FAE04EC0-301F-11D3-BF4B-00C04F79EFBC}") = "StringCalculatorAsyncTestXunit", "StringCalculatorAsyncTestXunit\StringCalculatorAsyncTestXunit.csproj", "{4887A84E-05E0-40A9-A32D-C87BD0F5BB56}"
EndProject
Project("{2150E333-8FDC-42A3-9474-1A3956D46DE8}") = "Test", "Test", "{6281CF89-4428-4139-B734-3E305B5E5FC6}"
EndProject
Global
	GlobalSection(SolutionConfigurationPlatforms) = preSolution
		Debug|Any CPU = Debug|Any CPU
		Release|Any CPU = Release|Any CPU
	EndGlobalSection
	GlobalSection(ProjectConfigurationPlatforms) = postSolution
		{53DD70C9-8C7D-4644-94E5-A3405F0491F5}.Debug|Any CPU.ActiveCfg = Debug|Any CPU
		{53DD70C9-8C7D-4644-94E5-A3405F0491F5}.Debug|Any CPU.Build.0 = Debug|Any CPU
		{53DD70C9-8C7D-4644-94E5-A3405F0491F5}.Release|Any CPU.ActiveCfg = Release|Any CPU
		{53DD70C9-8C7D-4644-94E5-A3405F0491F5}.Release|Any CPU.Build.0 = Release|Any CPU
		{1CBAA91E-8995-45A4-B2D0-39AC5F462BD3}.Debug|Any CPU.ActiveCfg = Debug|Any CPU
		{1CBAA91E-8995-45A4-B2D0-39AC5F462BD3}.Debug|Any CPU.Build.0 = Debug|Any CPU
		{1CBAA91E-8995-45A4-B2D0-39AC5F462BD3}.Release|Any CPU.ActiveCfg = Release|Any CPU
		{1CBAA91E-8995-45A4-B2D0-39AC5F462BD3}.Release|Any CPU.Build.0 = Release|Any CPU
		{5C820C54-7EFA-4688-BF2C-E1109A29716A}.Debug|Any CPU.ActiveCfg = Debug|Any CPU
		{5C820C54-7EFA-4688-BF2C-E1109A29716A}.Debug|Any CPU.Build.0 = Debug|Any CPU
		{5C820C54-7EFA-4688-BF2C-E1109A29716A}.Release|Any CPU.ActiveCfg = Release|Any CPU
		{5C820C54-7EFA-4688-BF2C-E1109A29716A}.Release|Any CPU.Build.0 = Release|Any CPU
		{5866A4BF-150B-4841-A6D8-DBC3B3AA5B87}.Debug|Any CPU.ActiveCfg = Debug|Any CPU
		{5866A4BF-150B-4841-A6D8-DBC3B3AA5B87}.Debug|Any CPU.Build.0 = Debug|Any CPU
		{5866A4BF-150B-4841-A6D8-DBC3B3AA5B87}.Release|Any CPU.ActiveCfg = Release|Any CPU
		{5866A4BF-150B-4841-A6D8-DBC3B3AA5B87}.Release|Any CPU.Build.0 = Release|Any CPU
		{5A5DFEC3-2FB6-48B4-8A17-E41E0DB5E5BD}.Debug|Any CPU.ActiveCfg = Debug|Any CPU
		{5A5DFEC3-2FB6-48B4-8A17-E41E0DB5E5BD}.Debug|Any CPU.Build.0 = Debug|Any CPU
		{5A5DFEC3-2FB6-48B4-8A17-E41E0DB5E5BD}.Release|Any CPU.ActiveCfg = Release|Any CPU
		{5A5DFEC3-2FB6-48B4-8A17-E41E0DB5E5BD}.Release|Any CPU.Build.0 = Release|Any CPU
		{D5ABF4E4-4FE2-4F62-87AD-004E3BB3735C}.Debug|Any CPU.ActiveCfg = Debug|Any CPU
		{D5ABF4E4-4FE2-4F62-87AD-004E3BB3735C}.Debug|Any CPU.Build.0 = Debug|Any CPU
		{D5ABF4E4-4FE2-4F62-87AD-004E3BB3735C}.Release|Any CPU.ActiveCfg = Release|Any CPU
		{D5ABF4E4-4FE2-4F62-87AD-004E3BB3735C}.Release|Any CPU.Build.0 = Release|Any CPU
		{4887A84E-05E0-40A9-A32D-C87BD0F5BB56}.Debug|Any CPU.ActiveCfg = Debug|Any CPU
		{4887A84E-05E0-40A9-A32D-C87BD0F5BB56}.Debug|Any CPU.Build.0 = Debug|Any CPU
		{4887A84E-05E0-40A9-A32D-C87BD0F5BB56}.Release|Any CPU.ActiveCfg = Release|Any CPU
		{4887A84E-05E0-40A9-A32D-C87BD0F5BB56}.Release|Any CPU.Build.0 = Release|Any CPU
	EndGlobalSection
	GlobalSection(SolutionProperties) = preSolution
		HideSolutionNode = FALSE
	EndGlobalSection
	GlobalSection(NestedProjects) = preSolution
		{5A5DFEC3-2FB6-48B4-8A17-E41E0DB5E5BD} = {A347604A-2ED7-4634-AA39-A0EBA89C1B04}
		{D5ABF4E4-4FE2-4F62-87AD-004E3BB3735C} = {A347604A-2ED7-4634-AA39-A0EBA89C1B04}
		{4887A84E-05E0-40A9-A32D-C87BD0F5BB56} = {A347604A-2ED7-4634-AA39-A0EBA89C1B04}
	EndGlobalSection
EndGlobal
